// !$*UTF8*$!
{
	archiveVersion = 1;
	classes = {
	};
	objectVersion = 39;
	objects = {
		0867D6AAFE840B52C02AAC07 = {
			children = (
				0867D6ABFE840B52C02AAC07,
			);
			isa = PBXVariantGroup;
			name = InfoPlist.strings;
			refType = 4;
			sourceTree = "<group>";
		};
		0867D6ABFE840B52C02AAC07 = {
			fileEncoding = 10;
			isa = PBXFileReference;
			lastKnownFileType = text.plist.strings;
			name = English;
			path = English.lproj/InfoPlist.strings;
			refType = 4;
			sourceTree = "<group>";
		};
//080
//081
//082
//083
//084
//190
//191
//192
//193
//194
		195DF8CFFE9D517E11CA2CBB = {
			children = (
				4F94EEF307B3091200AE9F13,
			);
			isa = PBXGroup;
			name = Products;
			refType = 4;
			sourceTree = "<group>";
		};
//190
//191
//192
//193
//194
//200
//201
//202
//203
//204
		20286C28FDCF999611CA2CEA = {
			buildSettings = {
			};
			buildStyles = (
				4A9504C5FFE6A39111CA0CBA,
				4A9504C6FFE6A39111CA0CBA,
			);
			hasScannedForEncodings = 1;
			isa = PBXProject;
			mainGroup = 20286C29FDCF999611CA2CEA;
			projectDirPath = "";
			targets = (
				4F94EED707B3091200AE9F13,
			);
		};
		20286C29FDCF999611CA2CEA = {
			children = (
				60338D3A034E58CA0BCA0CB8,
				20286C2AFDCF999611CA2CEA,
				20286C2CFDCF999611CA2CEA,
				20286C32FDCF999611CA2CEA,
				195DF8CFFE9D517E11CA2CBB,
				60876CDA0301D24D0BCA0CB8,
				4F94EEF207B3091200AE9F13,
			);
			isa = PBXGroup;
			name = HIViewTest;
			path = "";
			refType = 4;
			sourceTree = "<group>";
		};
		20286C2AFDCF999611CA2CEA = {
			children = (
				608F71A302F7582E0BCA0CB8,
				6057981402F080390BCA0CB8,
				6001B38C02F742E80BCA0CB8,
				6001B38702F741C10BCA0CB8,
			);
			isa = PBXGroup;
			name = Sources;
			path = "";
			refType = 4;
			sourceTree = "<group>";
		};
		20286C2CFDCF999611CA2CEA = {
			children = (
				93E122CF04CF25D1003F0342,
				93E122D104CF25D1003F0342,
				0867D6AAFE840B52C02AAC07,
			);
			isa = PBXGroup;
			name = Resources;
			path = "";
			refType = 4;
			sourceTree = "<group>";
		};
		20286C32FDCF999611CA2CEA = {
			children = (
				20286C33FDCF999611CA2CEA,
				4A9504CAFFE6A41611CA0CBA,
				4A9504C8FFE6A3BC11CA0CBA,
			);
			isa = PBXGroup;
			name = "External Frameworks and Libraries";
			path = "";
			refType = 4;
			sourceTree = "<group>";
		};
		20286C33FDCF999611CA2CEA = {
			isa = PBXFileReference;
			lastKnownFileType = wrapper.framework;
			name = Carbon.framework;
			path = /System/Library/Frameworks/Carbon.framework;
			refType = 0;
			sourceTree = "<absolute>";
		};
//200
//201
//202
//203
//204
//330
//331
//332
//333
//334
		332477AD0690C83200AAEC61 = {
			fileEncoding = 30;
			isa = PBXFileReference;
			lastKnownFileType = sourcecode.c.h;
			name = HIFramework.h;
			path = ../HIFramework/HIFramework.h;
			refType = 2;
			sourceTree = SOURCE_ROOT;
		};
		332477AE0690C83200AAEC61 = {
			fileEncoding = 30;
			isa = PBXFileReference;
			lastKnownFileType = sourcecode.cpp.cpp;
			name = TEventHandler.cp;
			path = ../HIFramework/TEventHandler.cp;
			refType = 2;
			sourceTree = SOURCE_ROOT;
		};
		332477AF0690C83200AAEC61 = {
			fileEncoding = 30;
			isa = PBXFileReference;
			lastKnownFileType = sourcecode.c.h;
			name = TEventHandler.h;
			path = ../HIFramework/TEventHandler.h;
			refType = 2;
			sourceTree = SOURCE_ROOT;
		};
//330
//331
//332
//333
//334
//4A0
//4A1
//4A2
//4A3
//4A4
		4A9504C5FFE6A39111CA0CBA = {
			buildSettings = {
				COPY_PHASE_STRIP = NO;
				GCC_DYNAMIC_NO_PIC = NO;
				GCC_ENABLE_FIX_AND_CONTINUE = YES;
				GCC_GENERATE_DEBUGGING_SYMBOLS = YES;
				GCC_OPTIMIZATION_LEVEL = 0;
				OPTIMIZATION_CFLAGS = "-O0";
				OTHER_CFLAGS = "-DDEBUG";
				ZERO_LINK = YES;
			};
			isa = PBXBuildStyle;
			name = Development;
		};
		4A9504C6FFE6A39111CA0CBA = {
			buildSettings = {
				COPY_PHASE_STRIP = YES;
				GCC_ENABLE_FIX_AND_CONTINUE = NO;
				ZERO_LINK = NO;
			};
			isa = PBXBuildStyle;
			name = Deployment;
		};
		4A9504C8FFE6A3BC11CA0CBA = {
			isa = PBXFileReference;
			lastKnownFileType = wrapper.framework;
			name = ApplicationServices.framework;
			path = /System/Library/Frameworks/ApplicationServices.framework;
			refType = 0;
			sourceTree = "<absolute>";
		};
		4A9504CAFFE6A41611CA0CBA = {
			isa = PBXFileReference;
			lastKnownFileType = wrapper.framework;
			name = CoreServices.framework;
			path = /System/Library/Frameworks/CoreServices.framework;
			refType = 0;
			sourceTree = "<absolute>";
		};
//4A0
//4A1
//4A2
//4A3
//4A4
//4F0
//4F1
//4F2
//4F3
//4F4
		4F94EED707B3091200AE9F13 = {
			buildPhases = (
				4F94EED807B3091200AE9F13,
				4F94EEE107B3091200AE9F13,
				4F94EEE607B3091200AE9F13,
				4F94EEEF07B3091200AE9F13,
				4F94EEF107B3091200AE9F13,
			);
			buildRules = (
			);
			buildSettings = {
				FRAMEWORK_SEARCH_PATHS = "";
				HEADER_SEARCH_PATHS = "";
				INFOPLIST_FILE = "Info-HIViewTest.plist";
				INSTALL_PATH = "$(LOCAL_DEVELOPER_DIR)/Demos";
				LIBRARY_SEARCH_PATHS = "";
				OTHER_CFLAGS = "";
				OTHER_LDFLAGS = "";
				OTHER_REZFLAGS = "";
				PRODUCT_NAME = HIViewTest;
				SECTORDER_FLAGS = "";
				WARNING_CFLAGS = "-Wmost -Wno-four-char-constants -Wno-unknown-pragmas";
				WRAPPER_EXTENSION = app;
			};
			dependencies = (
			);
			isa = PBXNativeTarget;
			name = HIViewTest;
			productInstallPath = "$(LOCAL_DEVELOPER_DIR)/Demos";
			productName = HIViewTest;
			productReference = 4F94EEF307B3091200AE9F13;
			productType = "com.apple.product-type.application";
		};
		4F94EED807B3091200AE9F13 = {
			buildActionMask = 2147483647;
			files = (
				4F94EED907B3091200AE9F13,
				4F94EEDA07B3091200AE9F13,
				4F94EEDB07B3091200AE9F13,
				4F94EEDC07B3091200AE9F13,
				4F94EEDD07B3091200AE9F13,
				4F94EEDE07B3091200AE9F13,
				4F94EEDF07B3091200AE9F13,
				4F94EEE007B3091200AE9F13,
			);
			isa = PBXHeadersBuildPhase;
			runOnlyForDeploymentPostprocessing = 0;
		};
		4F94EED907B3091200AE9F13 = {
			fileRef = 6057981302F080390BCA0CB8;
			isa = PBXBuildFile;
			settings = {
			};
		};
		4F94EEDA07B3091200AE9F13 = {
			fileRef = 6001B38E02F743010BCA0CB8;
			isa = PBXBuildFile;
			settings = {
			};
		};
		4F94EEDB07B3091200AE9F13 = {
			fileRef = 60B8C02302F9E9330BCA0CB8;
			isa = PBXBuildFile;
			settings = {
			};
		};
		4F94EEDC07B3091200AE9F13 = {
			fileRef = 60B8C02502F9E9330BCA0CB8;
			isa = PBXBuildFile;
			settings = {
			};
		};
		4F94EEDD07B3091200AE9F13 = {
			fileRef = 6022E119030632A10B6E4D1F;
			isa = PBXBuildFile;
			settings = {
			};
		};
		4F94EEDE07B3091200AE9F13 = {
			fileRef = 6029BEC403F9CF420BFF4F4D;
			isa = PBXBuildFile;
			settings = {
			};
		};
		4F94EEDF07B3091200AE9F13 = {
			fileRef = 332477AD0690C83200AAEC61;
			isa = PBXBuildFile;
			settings = {
			};
		};
		4F94EEE007B3091200AE9F13 = {
			fileRef = 332477AF0690C83200AAEC61;
			isa = PBXBuildFile;
			settings = {
			};
		};
		4F94EEE107B3091200AE9F13 = {
			buildActionMask = 2147483647;
			files = (
				4F94EEE207B3091200AE9F13,
				4F94EEE307B3091200AE9F13,
				4F94EEE407B3091200AE9F13,
				4F94EEE507B3091200AE9F13,
			);
			isa = PBXResourcesBuildPhase;
			runOnlyForDeploymentPostprocessing = 0;
		};
		4F94EEE207B3091200AE9F13 = {
			fileRef = 0867D6AAFE840B52C02AAC07;
			isa = PBXBuildFile;
			settings = {
			};
		};
		4F94EEE307B3091200AE9F13 = {
			fileRef = 60338D3A034E58CA0BCA0CB8;
			isa = PBXBuildFile;
			settings = {
			};
		};
		4F94EEE407B3091200AE9F13 = {
			fileRef = 93E122CF04CF25D1003F0342;
			isa = PBXBuildFile;
			settings = {
			};
		};
		4F94EEE507B3091200AE9F13 = {
			fileRef = 93E122D104CF25D1003F0342;
			isa = PBXBuildFile;
			settings = {
			};
		};
		4F94EEE607B3091200AE9F13 = {
			buildActionMask = 2147483647;
			files = (
				4F94EEE707B3091200AE9F13,
				4F94EEE807B3091200AE9F13,
				4F94EEE907B3091200AE9F13,
				4F94EEEA07B3091200AE9F13,
				4F94EEEB07B3091200AE9F13,
				4F94EEEC07B3091200AE9F13,
				4F94EEED07B3091200AE9F13,
				4F94EEEE07B3091200AE9F13,
			);
			isa = PBXSourcesBuildPhase;
			runOnlyForDeploymentPostprocessing = 0;
		};
		4F94EEE707B3091200AE9F13 = {
			fileRef = 6057981402F080390BCA0CB8;
			isa = PBXBuildFile;
			settings = {
			};
		};
		4F94EEE807B3091200AE9F13 = {
			fileRef = 6001B38C02F742E80BCA0CB8;
			isa = PBXBuildFile;
			settings = {
			};
		};
		4F94EEE907B3091200AE9F13 = {
			fileRef = 608F71A302F7582E0BCA0CB8;
			isa = PBXBuildFile;
			settings = {
			};
		};
		4F94EEEA07B3091200AE9F13 = {
			fileRef = 60B8C02202F9E9330BCA0CB8;
			isa = PBXBuildFile;
			settings = {
			};
		};
		4F94EEEB07B3091200AE9F13 = {
			fileRef = 60B8C02402F9E9330BCA0CB8;
			isa = PBXBuildFile;
			settings = {
			};
		};
		4F94EEEC07B3091200AE9F13 = {
			fileRef = 6022E118030632A10B6E4D1F;
			isa = PBXBuildFile;
			settings = {
			};
		};
		4F94EEED07B3091200AE9F13 = {
			fileRef = 6029BEC303F9CF420BFF4F4D;
			isa = PBXBuildFile;
			settings = {
			};
		};
		4F94EEEE07B3091200AE9F13 = {
			fileRef = 332477AE0690C83200AAEC61;
			isa = PBXBuildFile;
			settings = {
			};
		};
		4F94EEEF07B3091200AE9F13 = {
			buildActionMask = 2147483647;
			files = (
				4F94EEF007B3091200AE9F13,
			);
			isa = PBXFrameworksBuildPhase;
			runOnlyForDeploymentPostprocessing = 0;
		};
		4F94EEF007B3091200AE9F13 = {
			fileRef = 20286C33FDCF999611CA2CEA;
			isa = PBXBuildFile;
			settings = {
			};
		};
		4F94EEF107B3091200AE9F13 = {
			buildActionMask = 2147483647;
			files = (
			);
			isa = PBXRezBuildPhase;
			runOnlyForDeploymentPostprocessing = 0;
		};
		4F94EEF207B3091200AE9F13 = {
			isa = PBXFileReference;
			lastKnownFileType = text.xml;
			path = "Info-HIViewTest.plist";
			refType = 4;
			sourceTree = "<group>";
		};
		4F94EEF307B3091200AE9F13 = {
			explicitFileType = wrapper.application;
			includeInIndex = 0;
			isa = PBXFileReference;
			path = HIViewTest.app;
			refType = 3;
			sourceTree = BUILT_PRODUCTS_DIR;
		};
//4F0
//4F1
//4F2
//4F3
//4F4
//600
//601
//602
//603
//604
		6001B38702F741C10BCA0CB8 = {
			children = (
				6057981302F080390BCA0CB8,
				6001B38E02F743010BCA0CB8,
			);
			isa = PBXGroup;
			name = Headers;
			refType = 4;
			sourceTree = "<group>";
		};
		6001B38C02F742E80BCA0CB8 = {
			fileEncoding = 30;
			isa = PBXFileReference;
			lastKnownFileType = sourcecode.cpp.cpp;
			path = TTestView.cp;
			refType = 4;
			sourceTree = "<group>";
		};
		6001B38E02F743010BCA0CB8 = {
			fileEncoding = 30;
			isa = PBXFileReference;
			lastKnownFileType = sourcecode.c.h;
			path = TTestView.h;
			refType = 4;
			sourceTree = "<group>";
		};
		6022E118030632A10B6E4D1F = {
			fileEncoding = 30;
			isa = PBXFileReference;
			lastKnownFileType = sourcecode.cpp.cpp;
			name = TRect.cp;
			path = ../HIFramework/TRect.cp;
			refType = 2;
			sourceTree = SOURCE_ROOT;
		};
		6022E119030632A10B6E4D1F = {
			fileEncoding = 30;
			isa = PBXFileReference;
			lastKnownFileType = sourcecode.c.h;
			name = TRect.h;
			path = ../HIFramework/TRect.h;
			refType = 2;
			sourceTree = SOURCE_ROOT;
		};
		6029BEC303F9CF420BFF4F4D = {
			fileEncoding = 30;
			isa = PBXFileReference;
			lastKnownFileType = sourcecode.cpp.cpp;
			name = TObject.cp;
			path = ../HIFramework/TObject.cp;
			refType = 2;
			sourceTree = SOURCE_ROOT;
		};
		6029BEC403F9CF420BFF4F4D = {
			fileEncoding = 30;
			isa = PBXFileReference;
			lastKnownFileType = sourcecode.c.h;
			name = TObject.h;
			path = ../HIFramework/TObject.h;
			refType = 2;
			sourceTree = SOURCE_ROOT;
		};
		60338D3A034E58CA0BCA0CB8 = {
			isa = PBXFileReference;
			lastKnownFileType = text.rtf;
			path = README.rtf;
			refType = 4;
			sourceTree = "<group>";
		};
		6057981302F080390BCA0CB8 = {
			fileEncoding = 30;
			isa = PBXFileReference;
			lastKnownFileType = sourcecode.c.h;
			path = HITestView.h;
			refType = 4;
			sourceTree = "<group>";
		};
		6057981402F080390BCA0CB8 = {
			fileEncoding = 30;
			isa = PBXFileReference;
			lastKnownFileType = sourcecode.c.c;
			path = HITestView.c;
			refType = 4;
			sourceTree = "<group>";
		};
		60876CDA0301D24D0BCA0CB8 = {
			children = (
				332477AD0690C83200AAEC61,
				60B8C02202F9E9330BCA0CB8,
				60B8C02302F9E9330BCA0CB8,
				332477AE0690C83200AAEC61,
				332477AF0690C83200AAEC61,
				6029BEC303F9CF420BFF4F4D,
				6029BEC403F9CF420BFF4F4D,
				6022E118030632A10B6E4D1F,
				6022E119030632A10B6E4D1F,
				60B8C02402F9E9330BCA0CB8,
				60B8C02502F9E9330BCA0CB8,
			);
			isa = PBXGroup;
			name = HIFramework;
			refType = 4;
			sourceTree = "<group>";
		};
		608F71A302F7582E0BCA0CB8 = {
			fileEncoding = 30;
			isa = PBXFileReference;
			lastKnownFileType = sourcecode.cpp.cpp;
			path = main.cp;
			refType = 4;
			sourceTree = "<group>";
		};
		60B8C02202F9E9330BCA0CB8 = {
			fileEncoding = 30;
			isa = PBXFileReference;
			lastKnownFileType = sourcecode.cpp.cpp;
			name = TCarbonEvent.cp;
			path = ../HIFramework/TCarbonEvent.cp;
			refType = 2;
			sourceTree = SOURCE_ROOT;
		};
		60B8C02302F9E9330BCA0CB8 = {
			fileEncoding = 30;
			isa = PBXFileReference;
			lastKnownFileType = sourcecode.c.h;
			name = TCarbonEvent.h;
			path = ../HIFramework/TCarbonEvent.h;
			refType = 2;
			sourceTree = SOURCE_ROOT;
		};
		60B8C02402F9E9330BCA0CB8 = {
			fileEncoding = 30;
			isa = PBXFileReference;
			lastKnownFileType = sourcecode.cpp.cpp;
			name = TView.cp;
			path = ../HIFramework/TView.cp;
			refType = 2;
			sourceTree = SOURCE_ROOT;
		};
		60B8C02502F9E9330BCA0CB8 = {
			fileEncoding = 30;
			isa = PBXFileReference;
			lastKnownFileType = sourcecode.c.h;
			name = TView.h;
			path = ../HIFramework/TView.h;
			refType = 2;
			sourceTree = SOURCE_ROOT;
		};
//600
//601
//602
//603
//604
//930
//931
//932
//933
//934
		93E122CF04CF25D1003F0342 = {
			children = (
				93E122D004CF25D1003F0342,
			);
			isa = PBXVariantGroup;
			name = menubar.nib;
			path = "";
			refType = 4;
			sourceTree = "<group>";
		};
		93E122D004CF25D1003F0342 = {
			isa = PBXFileReference;
			lastKnownFileType = wrapper.nib;
			name = English;
			path = English.lproj/menubar.nib;
			refType = 4;
			sourceTree = "<group>";
		};
		93E122D104CF25D1003F0342 = {
			children = (
				93E122D204CF25D1003F0342,
			);
			isa = PBXVariantGroup;
			name = window.nib;
			path = "";
			refType = 4;
			sourceTree = "<group>";
		};
		93E122D204CF25D1003F0342 = {
			isa = PBXFileReference;
			lastKnownFileType = wrapper.nib;
			name = English;
			path = English.lproj/window.nib;
			refType = 4;
			sourceTree = "<group>";
		};
	};
	rootObject = 20286C28FDCF999611CA2CEA;
}
